
Microsoft Visual Studio Solution File, Format Version 12.00
# Visual Studio Version 17
VisualStudioVersion = 17.8.34511.84
MinimumVisualStudioVersion = 10.0.40219.1
Project("{9A19103F-16F7-4668-BE54-9A1E7A4F7556}") = "Fitness-Tracker", "Back-end\Fitness-Tracker.csproj", "{DA0C83E0-0F8F-4EAC-BF74-C9AEA264535C}"
EndProject
Global
	GlobalSection(SolutionConfigurationPlatforms) = preSolution
		Debug|Any CPU = Debug|Any CPU
		Release|Any CPU = Release|Any CPU
	EndGlobalSection
	GlobalSection(ProjectConfigurationPlatforms) = postSolution
		{DA0C83E0-0F8F-4EAC-BF74-C9AEA264535C}.Debug|Any CPU.ActiveCfg = Debug|Any CPU
		{DA0C83E0-0F8F-4EAC-BF74-C9AEA264535C}.Debug|Any CPU.Build.0 = Debug|Any CPU
		{DA0C83E0-0F8F-4EAC-BF74-C9AEA264535C}.Release|Any CPU.ActiveCfg = Release|Any CPU
		{DA0C83E0-0F8F-4EAC-BF74-C9AEA264535C}.Release|Any CPU.Build.0 = Release|Any CPU
	EndGlobalSection
	GlobalSection(SolutionProperties) = preSolution
		HideSolutionNode = FALSE
	EndGlobalSection
	GlobalSection(ExtensibilityGlobals) = postSolution
		SolutionGuid = {DF947369-6371-4589-947D-343816E7ABA7}
	EndGlobalSection
EndGlobal
